
Microsoft Visual Studio Solution File, Format Version 12.00
# Visual Studio Express 2012 for Windows Desktop
Project("{FAE04EC0-301F-11D3-BF4B-00C04F79EFBC}") = "NinjaGoat", "NinjaGoat.csproj", "{10A9D5F1-B8A3-4FC7-912E-09A40D875E05}"
EndProject
Global
	GlobalSection(SolutionConfigurationPlatforms) = preSolution
		Debug|Any CPU = Debug|Any CPU
		Release|Any CPU = Release|Any CPU
	EndGlobalSection
	GlobalSection(ProjectConfigurationPlatforms) = postSolution
		{10A9D5F1-B8A3-4FC7-912E-09A40D875E05}.Debug|Any CPU.ActiveCfg = Debug|Any CPU
		{10A9D5F1-B8A3-4FC7-912E-09A40D875E05}.Debug|Any CPU.Build.0 = Debug|Any CPU
		{10A9D5F1-B8A3-4FC7-912E-09A40D875E05}.Release|Any CPU.ActiveCfg = Release|Any CPU
		{10A9D5F1-B8A3-4FC7-912E-09A40D875E05}.Release|Any CPU.Build.0 = Release|Any CPU
	EndGlobalSection
	GlobalSection(SolutionProperties) = preSolution
		HideSolutionNode = FALSE
	EndGlobalSection
EndGlobal
